
Microsoft Visual Studio Solution File, Format Version 12.00
# Visual Studio Version 16
VisualStudioVersion = 16.0.31129.286
MinimumVisualStudioVersion = 10.0.40219.1
Project("{FAE04EC0-301F-11D3-BF4B-00C04F79EFBC}") = "NOD,NOK", "NOD,NOK.csproj", "{52B0C0C2-FE86-460D-884A-047D0D81CDCA}"
EndProject
Global
	GlobalSection(SolutionConfigurationPlatforms) = preSolution
		Debug|Any CPU = Debug|Any CPU
		Release|Any CPU = Release|Any CPU
	EndGlobalSection
	GlobalSection(ProjectConfigurationPlatforms) = postSolution
		{52B0C0C2-FE86-460D-884A-047D0D81CDCA}.Debug|Any CPU.ActiveCfg = Debug|Any CPU
		{52B0C0C2-FE86-460D-884A-047D0D81CDCA}.Debug|Any CPU.Build.0 = Debug|Any CPU
		{52B0C0C2-FE86-460D-884A-047D0D81CDCA}.Release|Any CPU.ActiveCfg = Release|Any CPU
		{52B0C0C2-FE86-460D-884A-047D0D81CDCA}.Release|Any CPU.Build.0 = Release|Any CPU
	EndGlobalSection
	GlobalSection(SolutionProperties) = preSolution
		HideSolutionNode = FALSE
	EndGlobalSection
	GlobalSection(ExtensibilityGlobals) = postSolution
		SolutionGuid = {22D0B467-B4AE-4B2A-A22B-1BE81791DEBC}
	EndGlobalSection
EndGlobal
